
Microsoft Visual Studio Solution File, Format Version 12.00
# Visual Studio Version 16
VisualStudioVersion = 16.0.29001.49
MinimumVisualStudioVersion = 10.0.40219.1
Project("{FAE04EC0-301F-11D3-BF4B-00C04F79EFBC}") = "GitStudy", "GitStudy.csproj", "{36CCEA06-09D3-4AC0-A4F7-A809F7651AD3}"
EndProject
Global
	GlobalSection(SolutionConfigurationPlatforms) = preSolution
		Debug|Any CPU = Debug|Any CPU
		Release|Any CPU = Release|Any CPU
	EndGlobalSection
	GlobalSection(ProjectConfigurationPlatforms) = postSolution
		{36CCEA06-09D3-4AC0-A4F7-A809F7651AD3}.Debug|Any CPU.ActiveCfg = Debug|Any CPU
		{36CCEA06-09D3-4AC0-A4F7-A809F7651AD3}.Debug|Any CPU.Build.0 = Debug|Any CPU
		{36CCEA06-09D3-4AC0-A4F7-A809F7651AD3}.Release|Any CPU.ActiveCfg = Release|Any CPU
		{36CCEA06-09D3-4AC0-A4F7-A809F7651AD3}.Release|Any CPU.Build.0 = Release|Any CPU
	EndGlobalSection
	GlobalSection(SolutionProperties) = preSolution
		HideSolutionNode = FALSE
	EndGlobalSection
	GlobalSection(ExtensibilityGlobals) = postSolution
		SolutionGuid = {9BDB445E-5AA8-4B3D-8D77-79F925BCD08B}
	EndGlobalSection
EndGlobal
